// !$*UTF8*$!
{
	archiveVersion = 1;
	classes = {
	};
	objectVersion = 55;
	objects = {

/* Begin PBXBuildFile section */
		6F2BBA11ADA4F825C636572D /* Pods_Mobillum_Movie_App.framework in Frameworks */ = {isa = PBXBuildFile; fileRef = 9AF6AAD1B656458B90175571 /* Pods_Mobillum_Movie_App.framework */; };
		71627D69288BC84900CF55CB /* Service.swift in Sources */ = {isa = PBXBuildFile; fileRef = 71627D68288BC84900CF55CB /* Service.swift */; };
		716D886E2889B6070018A74E /* AppDelegate.swift in Sources */ = {isa = PBXBuildFile; fileRef = 716D886D2889B6070018A74E /* AppDelegate.swift */; };
		716D88752889B6070018A74E /* Main.storyboard in Resources */ = {isa = PBXBuildFile; fileRef = 716D88732889B6070018A74E /* Main.storyboard */; };
		716D88772889B6090018A74E /* Assets.xcassets in Resources */ = {isa = PBXBuildFile; fileRef = 716D88762889B6090018A74E /* Assets.xcassets */; };
		716D887A2889B6090018A74E /* LaunchScreen.storyboard in Resources */ = {isa = PBXBuildFile; fileRef = 716D88782889B6090018A74E /* LaunchScreen.storyboard */; };
		716D88852889B60A0018A74E /* Mobillum_Movie_AppTests.swift in Sources */ = {isa = PBXBuildFile; fileRef = 716D88842889B60A0018A74E /* Mobillum_Movie_AppTests.swift */; };
		716D888F2889B60A0018A74E /* Mobillum_Movie_AppUITests.swift in Sources */ = {isa = PBXBuildFile; fileRef = 716D888E2889B60A0018A74E /* Mobillum_Movie_AppUITests.swift */; };
		716D88912889B60A0018A74E /* Mobillum_Movie_AppUITestsLaunchTests.swift in Sources */ = {isa = PBXBuildFile; fileRef = 716D88902889B60A0018A74E /* Mobillum_Movie_AppUITestsLaunchTests.swift */; };
		716D88B12889C5DF0018A74E /* MovieDetailModel.swift in Sources */ = {isa = PBXBuildFile; fileRef = 716D88B02889C5DF0018A74E /* MovieDetailModel.swift */; };
		716D88B72889DC5B0018A74E /* NetworkManager.swift in Sources */ = {isa = PBXBuildFile; fileRef = 716D88B62889DC5B0018A74E /* NetworkManager.swift */; };
		716D88C12889E02C0018A74E /* NetworkConstant.swift in Sources */ = {isa = PBXBuildFile; fileRef = 716D88C02889E02C0018A74E /* NetworkConstant.swift */; };
		716D88C72889E8F40018A74E /* UpComingMovieModel.swift in Sources */ = {isa = PBXBuildFile; fileRef = 716D88C62889E8F40018A74E /* UpComingMovieModel.swift */; };
		716D88C92889E9050018A74E /* NowPlayingMovieModel.swift in Sources */ = {isa = PBXBuildFile; fileRef = 716D88C82889E9050018A74E /* NowPlayingMovieModel.swift */; };
		717F2E72288A69C70068B557 /* MovieCell.xib in Resources */ = {isa = PBXBuildFile; fileRef = 717F2E71288A69C70068B557 /* MovieCell.xib */; };
		717F2E74288A69D10068B557 /* MovieCell.swift in Sources */ = {isa = PBXBuildFile; fileRef = 717F2E73288A69D10068B557 /* MovieCell.swift */; };
		717F2E76288A6AC70068B557 /* Constants.swift in Sources */ = {isa = PBXBuildFile; fileRef = 717F2E75288A6AC70068B557 /* Constants.swift */; };
		717F2E79288A6C0B0068B557 /* HeaderView.xib in Resources */ = {isa = PBXBuildFile; fileRef = 717F2E78288A6C0B0068B557 /* HeaderView.xib */; };
		717F2E7B288A6C2E0068B557 /* HeaderView.swift in Sources */ = {isa = PBXBuildFile; fileRef = 717F2E7A288A6C2E0068B557 /* HeaderView.swift */; };
		717F2E7D288A6C830068B557 /* HeaderCell.swift in Sources */ = {isa = PBXBuildFile; fileRef = 717F2E7C288A6C830068B557 /* HeaderCell.swift */; };
		717F2E7F288A6CB50068B557 /* HeaderCell.xib in Resources */ = {isa = PBXBuildFile; fileRef = 717F2E7E288A6CB50068B557 /* HeaderCell.xib */; };
		717F2E92288A79E60068B557 /* MovieDetailViewController.swift in Sources */ = {isa = PBXBuildFile; fileRef = 717F2E91288A79E60068B557 /* MovieDetailViewController.swift */; };
		717F2E94288A7BDC0068B557 /* MovieListViewController.swift in Sources */ = {isa = PBXBuildFile; fileRef = 717F2E93288A7BDC0068B557 /* MovieListViewController.swift */; };
		717F2E9F288A7E8F0068B557 /* UtilitiesHelper.swift in Sources */ = {isa = PBXBuildFile; fileRef = 717F2E9E288A7E8F0068B557 /* UtilitiesHelper.swift */; };
		DC3E30CC862BC03D932E5C59 /* Pods_Mobillum_Movie_AppTests.framework in Frameworks */ = {isa = PBXBuildFile; fileRef = B11AC14974F32F11E66F81C9 /* Pods_Mobillum_Movie_AppTests.framework */; };
		F04209F0EC05093119199700 /* Pods_Mobillum_Movie_App_Mobillum_Movie_AppUITests.framework in Frameworks */ = {isa = PBXBuildFile; fileRef = D741D922D7AC0121266C6AA5 /* Pods_Mobillum_Movie_App_Mobillum_Movie_AppUITests.framework */; };
/* End PBXBuildFile section */

/* Begin PBXContainerItemProxy section */
		716D88812889B60A0018A74E /* PBXContainerItemProxy */ = {
			isa = PBXContainerItemProxy;
			containerPortal = 716D88622889B6070018A74E /* Project object */;
			proxyType = 1;
			remoteGlobalIDString = 716D88692889B6070018A74E;
			remoteInfo = "Mobillum Movie App";
		};
		716D888B2889B60A0018A74E /* PBXContainerItemProxy */ = {
			isa = PBXContainerItemProxy;
			containerPortal = 716D88622889B6070018A74E /* Project object */;
			proxyType = 1;
			remoteGlobalIDString = 716D88692889B6070018A74E;
			remoteInfo = "Mobillum Movie App";
		};
/* End PBXContainerItemProxy section */

/* Begin PBXFileReference section */
		0C9E4FF528D31A9F16F55550 /* Pods-Mobillum Movie App-Mobillum Movie AppUITests.release.xcconfig */ = {isa = PBXFileReference; includeInIndex = 1; lastKnownFileType = text.xcconfig; name = "Pods-Mobillum Movie App-Mobillum Movie AppUITests.release.xcconfig"; path = "Target Support Files/Pods-Mobillum Movie App-Mobillum Movie AppUITests/Pods-Mobillum Movie App-Mobillum Movie AppUITests.release.xcconfig"; sourceTree = "<group>"; };
		71627D68288BC84900CF55CB /* Service.swift */ = {isa = PBXFileReference; lastKnownFileType = sourcecode.swift; path = Service.swift; sourceTree = "<group>"; };
		716D886A2889B6070018A74E /* Mobillum Movie App.app */ = {isa = PBXFileReference; explicitFileType = wrapper.application; includeInIndex = 0; path = "Mobillum Movie App.app"; sourceTree = BUILT_PRODUCTS_DIR; };
		716D886D2889B6070018A74E /* AppDelegate.swift */ = {isa = PBXFileReference; lastKnownFileType = sourcecode.swift; path = AppDelegate.swift; sourceTree = "<group>"; };
		716D88742889B6070018A74E /* Base */ = {isa = PBXFileReference; lastKnownFileType = file.storyboard; name = Base; path = Base.lproj/Main.storyboard; sourceTree = "<group>"; };
		716D88762889B6090018A74E /* Assets.xcassets */ = {isa = PBXFileReference; lastKnownFileType = folder.assetcatalog; path = Assets.xcassets; sourceTree = "<group>"; };
		716D88792889B6090018A74E /* Base */ = {isa = PBXFileReference; lastKnownFileType = file.storyboard; name = Base; path = Base.lproj/LaunchScreen.storyboard; sourceTree = "<group>"; };
		716D887B2889B6090018A74E /* Info.plist */ = {isa = PBXFileReference; lastKnownFileType = text.plist.xml; path = Info.plist; sourceTree = "<group>"; };
		716D88802889B60A0018A74E /* Mobillum Movie AppTests.xctest */ = {isa = PBXFileReference; explicitFileType = wrapper.cfbundle; includeInIndex = 0; path = "Mobillum Movie AppTests.xctest"; sourceTree = BUILT_PRODUCTS_DIR; };
		716D88842889B60A0018A74E /* Mobillum_Movie_AppTests.swift */ = {isa = PBXFileReference; lastKnownFileType = sourcecode.swift; path = Mobillum_Movie_AppTests.swift; sourceTree = "<group>"; };
		716D888A2889B60A0018A74E /* Mobillum Movie AppUITests.xctest */ = {isa = PBXFileReference; explicitFileType = wrapper.cfbundle; includeInIndex = 0; path = "Mobillum Movie AppUITests.xctest"; sourceTree = BUILT_PRODUCTS_DIR; };
		716D888E2889B60A0018A74E /* Mobillum_Movie_AppUITests.swift */ = {isa = PBXFileReference; lastKnownFileType = sourcecode.swift; path = Mobillum_Movie_AppUITests.swift; sourceTree = "<group>"; };
		716D88902889B60A0018A74E /* Mobillum_Movie_AppUITestsLaunchTests.swift */ = {isa = PBXFileReference; lastKnownFileType = sourcecode.swift; path = Mobillum_Movie_AppUITestsLaunchTests.swift; sourceTree = "<group>"; };
		716D88B02889C5DF0018A74E /* MovieDetailModel.swift */ = {isa = PBXFileReference; lastKnownFileType = sourcecode.swift; path = MovieDetailModel.swift; sourceTree = "<group>"; };
		716D88B62889DC5B0018A74E /* NetworkManager.swift */ = {isa = PBXFileReference; lastKnownFileType = sourcecode.swift; path = NetworkManager.swift; sourceTree = "<group>"; };
		716D88C02889E02C0018A74E /* NetworkConstant.swift */ = {isa = PBXFileReference; lastKnownFileType = sourcecode.swift; path = NetworkConstant.swift; sourceTree = "<group>"; };
		716D88C62889E8F40018A74E /* UpComingMovieModel.swift */ = {isa = PBXFileReference; lastKnownFileType = sourcecode.swift; path = UpComingMovieModel.swift; sourceTree = "<group>"; };
		716D88C82889E9050018A74E /* NowPlayingMovieModel.swift */ = {isa = PBXFileReference; lastKnownFileType = sourcecode.swift; path = NowPlayingMovieModel.swift; sourceTree = "<group>"; };
		717F2E71288A69C70068B557 /* MovieCell.xib */ = {isa = PBXFileReference; lastKnownFileType = file.xib; path = MovieCell.xib; sourceTree = "<group>"; };
		717F2E73288A69D10068B557 /* MovieCell.swift */ = {isa = PBXFileReference; lastKnownFileType = sourcecode.swift; path = MovieCell.swift; sourceTree = "<group>"; };
		717F2E75288A6AC70068B557 /* Constants.swift */ = {isa = PBXFileReference; lastKnownFileType = sourcecode.swift; path = Constants.swift; sourceTree = "<group>"; };
		717F2E78288A6C0B0068B557 /* HeaderView.xib */ = {isa = PBXFileReference; lastKnownFileType = file.xib; path = HeaderView.xib; sourceTree = "<group>"; };
		717F2E7A288A6C2E0068B557 /* HeaderView.swift */ = {isa = PBXFileReference; lastKnownFileType = sourcecode.swift; path = HeaderView.swift; sourceTree = "<group>"; };
		717F2E7C288A6C830068B557 /* HeaderCell.swift */ = {isa = PBXFileReference; lastKnownFileType = sourcecode.swift; path = HeaderCell.swift; sourceTree = "<group>"; };
		717F2E7E288A6CB50068B557 /* HeaderCell.xib */ = {isa = PBXFileReference; lastKnownFileType = file.xib; path = HeaderCell.xib; sourceTree = "<group>"; };
		717F2E91288A79E60068B557 /* MovieDetailViewController.swift */ = {isa = PBXFileReference; lastKnownFileType = sourcecode.swift; path = MovieDetailViewController.swift; sourceTree = "<group>"; };
		717F2E93288A7BDC0068B557 /* MovieListViewController.swift */ = {isa = PBXFileReference; lastKnownFileType = sourcecode.swift; path = MovieListViewController.swift; sourceTree = "<group>"; };
		717F2E9E288A7E8F0068B557 /* UtilitiesHelper.swift */ = {isa = PBXFileReference; lastKnownFileType = sourcecode.swift; path = UtilitiesHelper.swift; sourceTree = "<group>"; };
		850F4DCA081588E5B54CCD9D /* Pods-Mobillum Movie App.release.xcconfig */ = {isa = PBXFileReference; includeInIndex = 1; lastKnownFileType = text.xcconfig; name = "Pods-Mobillum Movie App.release.xcconfig"; path = "Target Support Files/Pods-Mobillum Movie App/Pods-Mobillum Movie App.release.xcconfig"; sourceTree = "<group>"; };
		9AF6AAD1B656458B90175571 /* Pods_Mobillum_Movie_App.framework */ = {isa = PBXFileReference; explicitFileType = wrapper.framework; includeInIndex = 0; path = Pods_Mobillum_Movie_App.framework; sourceTree = BUILT_PRODUCTS_DIR; };
		9F00155F41E42C66766C7F5D /* Pods-Mobillum Movie App.debug.xcconfig */ = {isa = PBXFileReference; includeInIndex = 1; lastKnownFileType = text.xcconfig; name = "Pods-Mobillum Movie App.debug.xcconfig"; path = "Target Support Files/Pods-Mobillum Movie App/Pods-Mobillum Movie App.debug.xcconfig"; sourceTree = "<group>"; };
		B11AC14974F32F11E66F81C9 /* Pods_Mobillum_Movie_AppTests.framework */ = {isa = PBXFileReference; explicitFileType = wrapper.framework; includeInIndex = 0; path = Pods_Mobillum_Movie_AppTests.framework; sourceTree = BUILT_PRODUCTS_DIR; };
		D741D922D7AC0121266C6AA5 /* Pods_Mobillum_Movie_App_Mobillum_Movie_AppUITests.framework */ = {isa = PBXFileReference; explicitFileType = wrapper.framework; includeInIndex = 0; path = Pods_Mobillum_Movie_App_Mobillum_Movie_AppUITests.framework; sourceTree = BUILT_PRODUCTS_DIR; };
		E39790CD558679F811CC17F0 /* Pods-Mobillum Movie AppTests.debug.xcconfig */ = {isa = PBXFileReference; includeInIndex = 1; lastKnownFileType = text.xcconfig; name = "Pods-Mobillum Movie AppTests.debug.xcconfig"; path = "Target Support Files/Pods-Mobillum Movie AppTests/Pods-Mobillum Movie AppTests.debug.xcconfig"; sourceTree = "<group>"; };
		E89586EACD0D1A44EACA8BDC /* Pods-Mobillum Movie AppTests.release.xcconfig */ = {isa = PBXFileReference; includeInIndex = 1; lastKnownFileType = text.xcconfig; name = "Pods-Mobillum Movie AppTests.release.xcconfig"; path = "Target Support Files/Pods-Mobillum Movie AppTests/Pods-Mobillum Movie AppTests.release.xcconfig"; sourceTree = "<group>"; };
		FE4E5834F45AF060D40C518F /* Pods-Mobillum Movie App-Mobillum Movie AppUITests.debug.xcconfig */ = {isa = PBXFileReference; includeInIndex = 1; lastKnownFileType = text.xcconfig; name = "Pods-Mobillum Movie App-Mobillum Movie AppUITests.debug.xcconfig"; path = "Target Support Files/Pods-Mobillum Movie App-Mobillum Movie AppUITests/Pods-Mobillum Movie App-Mobillum Movie AppUITests.debug.xcconfig"; sourceTree = "<group>"; };
/* End PBXFileReference section */

/* Begin PBXFrameworksBuildPhase section */
		716D88672889B6070018A74E /* Frameworks */ = {
			isa = PBXFrameworksBuildPhase;
			buildActionMask = 2147483647;
			files = (
				6F2BBA11ADA4F825C636572D /* Pods_Mobillum_Movie_App.framework in Frameworks */,
			);
			runOnlyForDeploymentPostprocessing = 0;
		};
		716D887D2889B60A0018A74E /* Frameworks */ = {
			isa = PBXFrameworksBuildPhase;
			buildActionMask = 2147483647;
			files = (
				DC3E30CC862BC03D932E5C59 /* Pods_Mobillum_Movie_AppTests.framework in Frameworks */,
			);
			runOnlyForDeploymentPostprocessing = 0;
		};
		716D88872889B60A0018A74E /* Frameworks */ = {
			isa = PBXFrameworksBuildPhase;
			buildActionMask = 2147483647;
			files = (
				F04209F0EC05093119199700 /* Pods_Mobillum_Movie_App_Mobillum_Movie_AppUITests.framework in Frameworks */,
			);
			runOnlyForDeploymentPostprocessing = 0;
		};
/* End PBXFrameworksBuildPhase section */

/* Begin PBXGroup section */
		71627D66288BBC3000CF55CB /* Helper */ = {
			isa = PBXGroup;
			children = (
				717F2E9E288A7E8F0068B557 /* UtilitiesHelper.swift */,
			);
			path = Helper;
			sourceTree = "<group>";
		};
		71627D67288BC83900CF55CB /* Service */ = {
			isa = PBXGroup;
			children = (
				71627D68288BC84900CF55CB /* Service.swift */,
			);
			path = Service;
			sourceTree = "<group>";
		};
		716D88612889B6070018A74E = {
			isa = PBXGroup;
			children = (
				716D886C2889B6070018A74E /* Mobillum Movie App */,
				716D88832889B60A0018A74E /* Mobillum Movie AppTests */,
				716D888D2889B60A0018A74E /* Mobillum Movie AppUITests */,
				716D886B2889B6070018A74E /* Products */,
				F48E86DAE9AFB22C18467B0D /* Pods */,
				E29662B7E6357E3A1DB9B7BB /* Frameworks */,
			);
			sourceTree = "<group>";
		};
		716D886B2889B6070018A74E /* Products */ = {
			isa = PBXGroup;
			children = (
				716D886A2889B6070018A74E /* Mobillum Movie App.app */,
				716D88802889B60A0018A74E /* Mobillum Movie AppTests.xctest */,
				716D888A2889B60A0018A74E /* Mobillum Movie AppUITests.xctest */,
			);
			name = Products;
			sourceTree = "<group>";
		};
		716D886C2889B6070018A74E /* Mobillum Movie App */ = {
			isa = PBXGroup;
			children = (
				716D886D2889B6070018A74E /* AppDelegate.swift */,
				716D88A12889B6A70018A74E /* Scene */,
				716D889E2889B65E0018A74E /* Model */,
				716D889D2889B6580018A74E /* View */,
				716D889F2889B6640018A74E /* ViewController */,
				716D88B32889DC290018A74E /* Network */,
				717F2E9D288A7E630068B557 /* Utilities */,
				716D887B2889B6090018A74E /* Info.plist */,
				716D88CB2889E9960018A74E /* Resource */,
			);
			path = "Mobillum Movie App";
			sourceTree = "<group>";
		};
		716D88832889B60A0018A74E /* Mobillum Movie AppTests */ = {
			isa = PBXGroup;
			children = (
				716D88842889B60A0018A74E /* Mobillum_Movie_AppTests.swift */,
			);
			path = "Mobillum Movie AppTests";
			sourceTree = "<group>";
		};
		716D888D2889B60A0018A74E /* Mobillum Movie AppUITests */ = {
			isa = PBXGroup;
			children = (
				716D888E2889B60A0018A74E /* Mobillum_Movie_AppUITests.swift */,
				716D88902889B60A0018A74E /* Mobillum_Movie_AppUITestsLaunchTests.swift */,
			);
			path = "Mobillum Movie AppUITests";
			sourceTree = "<group>";
		};
		716D889D2889B6580018A74E /* View */ = {
			isa = PBXGroup;
			children = (
				717F2E77288A6BE00068B557 /* CollectionViewCell */,
				717F2E70288A69B30068B557 /* TableViewCell */,
			);
			path = View;
			sourceTree = "<group>";
		};
		716D889E2889B65E0018A74E /* Model */ = {
			isa = PBXGroup;
			children = (
				716D88B02889C5DF0018A74E /* MovieDetailModel.swift */,
				716D88C62889E8F40018A74E /* UpComingMovieModel.swift */,
				716D88C82889E9050018A74E /* NowPlayingMovieModel.swift */,
			);
			path = Model;
			sourceTree = "<group>";
		};
		716D889F2889B6640018A74E /* ViewController */ = {
			isa = PBXGroup;
			children = (
				717F2E93288A7BDC0068B557 /* MovieListViewController.swift */,
				717F2E91288A79E60068B557 /* MovieDetailViewController.swift */,
			);
			path = ViewController;
			sourceTree = "<group>";
		};
		716D88A12889B6A70018A74E /* Scene */ = {
			isa = PBXGroup;
			children = (
				716D88732889B6070018A74E /* Main.storyboard */,
				716D88782889B6090018A74E /* LaunchScreen.storyboard */,
			);
			path = Scene;
			sourceTree = "<group>";
		};
		716D88B32889DC290018A74E /* Network */ = {
			isa = PBXGroup;
			children = (
				716D88B82889DEB40018A74E /* Manager */,
				71627D67288BC83900CF55CB /* Service */,
			);
			path = Network;
			sourceTree = "<group>";
		};
		716D88B82889DEB40018A74E /* Manager */ = {
			isa = PBXGroup;
			children = (
				716D88B62889DC5B0018A74E /* NetworkManager.swift */,
			);
			path = Manager;
			sourceTree = "<group>";
		};
		716D88BC2889DFD50018A74E /* Constants */ = {
			isa = PBXGroup;
			children = (
				717F2E80288A6DBC0068B557 /* Network Constant */,
				717F2E75288A6AC70068B557 /* Constants.swift */,
			);
			path = Constants;
			sourceTree = "<group>";
		};
		716D88CB2889E9960018A74E /* Resource */ = {
			isa = PBXGroup;
			children = (
				716D88762889B6090018A74E /* Assets.xcassets */,
			);
			path = Resource;
			sourceTree = "<group>";
		};
		717F2E70288A69B30068B557 /* TableViewCell */ = {
			isa = PBXGroup;
			children = (
				717F2E73288A69D10068B557 /* MovieCell.swift */,
				717F2E71288A69C70068B557 /* MovieCell.xib */,
				717F2E7A288A6C2E0068B557 /* HeaderView.swift */,
				717F2E78288A6C0B0068B557 /* HeaderView.xib */,
			);
			path = TableViewCell;
			sourceTree = "<group>";
		};
		717F2E77288A6BE00068B557 /* CollectionViewCell */ = {
			isa = PBXGroup;
			children = (
				717F2E7C288A6C830068B557 /* HeaderCell.swift */,
				717F2E7E288A6CB50068B557 /* HeaderCell.xib */,
			);
			path = CollectionViewCell;
			sourceTree = "<group>";
		};
		717F2E80288A6DBC0068B557 /* Network Constant */ = {
			isa = PBXGroup;
			children = (
				716D88C02889E02C0018A74E /* NetworkConstant.swift */,
			);
			path = "Network Constant";
			sourceTree = "<group>";
		};
		717F2E9D288A7E630068B557 /* Utilities */ = {
			isa = PBXGroup;
			children = (
				716D88BC2889DFD50018A74E /* Constants */,
				71627D66288BBC3000CF55CB /* Helper */,
			);
			path = Utilities;
			sourceTree = "<group>";
		};
		E29662B7E6357E3A1DB9B7BB /* Frameworks */ = {
			isa = PBXGroup;
			children = (
				9AF6AAD1B656458B90175571 /* Pods_Mobillum_Movie_App.framework */,
				D741D922D7AC0121266C6AA5 /* Pods_Mobillum_Movie_App_Mobillum_Movie_AppUITests.framework */,
				B11AC14974F32F11E66F81C9 /* Pods_Mobillum_Movie_AppTests.framework */,
			);
			name = Frameworks;
			sourceTree = "<group>";
		};
		F48E86DAE9AFB22C18467B0D /* Pods */ = {
			isa = PBXGroup;
			children = (
				9F00155F41E42C66766C7F5D /* Pods-Mobillum Movie App.debug.xcconfig */,
				850F4DCA081588E5B54CCD9D /* Pods-Mobillum Movie App.release.xcconfig */,
				FE4E5834F45AF060D40C518F /* Pods-Mobillum Movie App-Mobillum Movie AppUITests.debug.xcconfig */,
				0C9E4FF528D31A9F16F55550 /* Pods-Mobillum Movie App-Mobillum Movie AppUITests.release.xcconfig */,
				E39790CD558679F811CC17F0 /* Pods-Mobillum Movie AppTests.debug.xcconfig */,
				E89586EACD0D1A44EACA8BDC /* Pods-Mobillum Movie AppTests.release.xcconfig */,
			);
			path = Pods;
			sourceTree = "<group>";
		};
/* End PBXGroup section */

/* Begin PBXNativeTarget section */
		716D88692889B6070018A74E /* Mobillum Movie App */ = {
			isa = PBXNativeTarget;
			buildConfigurationList = 716D88942889B60A0018A74E /* Build configuration list for PBXNativeTarget "Mobillum Movie App" */;
			buildPhases = (
				5C549A1A0E795C81E8875F3C /* [CP] Check Pods Manifest.lock */,
				716D88662889B6070018A74E /* Sources */,
				716D88672889B6070018A74E /* Frameworks */,
				716D88682889B6070018A74E /* Resources */,
				4AE9531C4375F7F7D87D9E3B /* [CP] Embed Pods Frameworks */,
			);
			buildRules = (
			);
			dependencies = (
			);
			name = "Mobillum Movie App";
			productName = "Mobillum Movie App";
			productReference = 716D886A2889B6070018A74E /* Mobillum Movie App.app */;
			productType = "com.apple.product-type.application";
		};
		716D887F2889B60A0018A74E /* Mobillum Movie AppTests */ = {
			isa = PBXNativeTarget;
			buildConfigurationList = 716D88972889B60A0018A74E /* Build configuration list for PBXNativeTarget "Mobillum Movie AppTests" */;
			buildPhases = (
				BB24B4585FD70B60BBC598D2 /* [CP] Check Pods Manifest.lock */,
				716D887C2889B60A0018A74E /* Sources */,
				716D887D2889B60A0018A74E /* Frameworks */,
				716D887E2889B60A0018A74E /* Resources */,
			);
			buildRules = (
			);
			dependencies = (
				716D88822889B60A0018A74E /* PBXTargetDependency */,
			);
			name = "Mobillum Movie AppTests";
			productName = "Mobillum Movie AppTests";
			productReference = 716D88802889B60A0018A74E /* Mobillum Movie AppTests.xctest */;
			productType = "com.apple.product-type.bundle.unit-test";
		};
		716D88892889B60A0018A74E /* Mobillum Movie AppUITests */ = {
			isa = PBXNativeTarget;
			buildConfigurationList = 716D889A2889B60A0018A74E /* Build configuration list for PBXNativeTarget "Mobillum Movie AppUITests" */;
			buildPhases = (
				61D7E6B3D4C2163EC8C922B4 /* [CP] Check Pods Manifest.lock */,
				716D88862889B60A0018A74E /* Sources */,
				716D88872889B60A0018A74E /* Frameworks */,
				716D88882889B60A0018A74E /* Resources */,
				1999E31ED89EE3C89BDEDF82 /* [CP] Embed Pods Frameworks */,
			);
			buildRules = (
			);
			dependencies = (
				716D888C2889B60A0018A74E /* PBXTargetDependency */,
			);
			name = "Mobillum Movie AppUITests";
			productName = "Mobillum Movie AppUITests";
			productReference = 716D888A2889B60A0018A74E /* Mobillum Movie AppUITests.xctest */;
			productType = "com.apple.product-type.bundle.ui-testing";
		};
/* End PBXNativeTarget section */

/* Begin PBXProject section */
		716D88622889B6070018A74E /* Project object */ = {
			isa = PBXProject;
			attributes = {
				BuildIndependentTargetsInParallel = 1;
				LastSwiftUpdateCheck = 1330;
				LastUpgradeCheck = 1330;
				TargetAttributes = {
					716D88692889B6070018A74E = {
						CreatedOnToolsVersion = 13.3;
					};
					716D887F2889B60A0018A74E = {
						CreatedOnToolsVersion = 13.3;
						TestTargetID = 716D88692889B6070018A74E;
					};
					716D88892889B60A0018A74E = {
						CreatedOnToolsVersion = 13.3;
						TestTargetID = 716D88692889B6070018A74E;
					};
				};
			};
			buildConfigurationList = 716D88652889B6070018A74E /* Build configuration list for PBXProject "Mobillum Movie App" */;
			compatibilityVersion = "Xcode 13.0";
			developmentRegion = en;
			hasScannedForEncodings = 0;
			knownRegions = (
				en,
				Base,
			);
			mainGroup = 716D88612889B6070018A74E;
			productRefGroup = 716D886B2889B6070018A74E /* Products */;
			projectDirPath = "";
			projectRoot = "";
			targets = (
				716D88692889B6070018A74E /* Mobillum Movie App */,
				716D887F2889B60A0018A74E /* Mobillum Movie AppTests */,
				716D88892889B60A0018A74E /* Mobillum Movie AppUITests */,
			);
		};
/* End PBXProject section */

/* Begin PBXResourcesBuildPhase section */
		716D88682889B6070018A74E /* Resources */ = {
			isa = PBXResourcesBuildPhase;
			buildActionMask = 2147483647;
			files = (
				717F2E7F288A6CB50068B557 /* HeaderCell.xib in Resources */,
				716D887A2889B6090018A74E /* LaunchScreen.storyboard in Resources */,
				717F2E79288A6C0B0068B557 /* HeaderView.xib in Resources */,
				716D88772889B6090018A74E /* Assets.xcassets in Resources */,
				716D88752889B6070018A74E /* Main.storyboard in Resources */,
				717F2E72288A69C70068B557 /* MovieCell.xib in Resources */,
			);
			runOnlyForDeploymentPostprocessing = 0;
		};
		716D887E2889B60A0018A74E /* Resources */ = {
			isa = PBXResourcesBuildPhase;
			buildActionMask = 2147483647;
			files = (
			);
			runOnlyForDeploymentPostprocessing = 0;
		};
		716D88882889B60A0018A74E /* Resources */ = {
			isa = PBXResourcesBuildPhase;
			buildActionMask = 2147483647;
			files = (
			);
			runOnlyForDeploymentPostprocessing = 0;
		};
/* End PBXResourcesBuildPhase section */

/* Begin PBXShellScriptBuildPhase section */
		1999E31ED89EE3C89BDEDF82 /* [CP] Embed Pods Frameworks */ = {
			isa = PBXShellScriptBuildPhase;
			buildActionMask = 2147483647;
			files = (
			);
			inputFileListPaths = (
				"${PODS_ROOT}/Target Support Files/Pods-Mobillum Movie App-Mobillum Movie AppUITests/Pods-Mobillum Movie App-Mobillum Movie AppUITests-frameworks-${CONFIGURATION}-input-files.xcfilelist",
			);
			name = "[CP] Embed Pods Frameworks";
			outputFileListPaths = (
				"${PODS_ROOT}/Target Support Files/Pods-Mobillum Movie App-Mobillum Movie AppUITests/Pods-Mobillum Movie App-Mobillum Movie AppUITests-frameworks-${CONFIGURATION}-output-files.xcfilelist",
			);
			runOnlyForDeploymentPostprocessing = 0;
			shellPath = /bin/sh;
			shellScript = "\"${PODS_ROOT}/Target Support Files/Pods-Mobillum Movie App-Mobillum Movie AppUITests/Pods-Mobillum Movie App-Mobillum Movie AppUITests-frameworks.sh\"\n";
			showEnvVarsInLog = 0;
		};
		4AE9531C4375F7F7D87D9E3B /* [CP] Embed Pods Frameworks */ = {
			isa = PBXShellScriptBuildPhase;
			buildActionMask = 2147483647;
			files = (
			);
			inputFileListPaths = (
				"${PODS_ROOT}/Target Support Files/Pods-Mobillum Movie App/Pods-Mobillum Movie App-frameworks-${CONFIGURATION}-input-files.xcfilelist",
			);
			name = "[CP] Embed Pods Frameworks";
			outputFileListPaths = (
				"${PODS_ROOT}/Target Support Files/Pods-Mobillum Movie App/Pods-Mobillum Movie App-frameworks-${CONFIGURATION}-output-files.xcfilelist",
			);
			runOnlyForDeploymentPostprocessing = 0;
			shellPath = /bin/sh;
			shellScript = "\"${PODS_ROOT}/Target Support Files/Pods-Mobillum Movie App/Pods-Mobillum Movie App-frameworks.sh\"\n";
			showEnvVarsInLog = 0;
		};
		5C549A1A0E795C81E8875F3C /* [CP] Check Pods Manifest.lock */ = {
			isa = PBXShellScriptBuildPhase;
			buildActionMask = 2147483647;
			files = (
			);
			inputFileListPaths = (
			);
			inputPaths = (
				"${PODS_PODFILE_DIR_PATH}/Podfile.lock",
				"${PODS_ROOT}/Manifest.lock",
			);
			name = "[CP] Check Pods Manifest.lock";
			outputFileListPaths = (
			);
			outputPaths = (
				"$(DERIVED_FILE_DIR)/Pods-Mobillum Movie App-checkManifestLockResult.txt",
			);
			runOnlyForDeploymentPostprocessing = 0;
			shellPath = /bin/sh;
			shellScript = "diff \"${PODS_PODFILE_DIR_PATH}/Podfile.lock\" \"${PODS_ROOT}/Manifest.lock\" > /dev/null\nif [ $? != 0 ] ; then\n    # print error to STDERR\n    echo \"error: The sandbox is not in sync with the Podfile.lock. Run 'pod install' or update your CocoaPods installation.\" >&2\n    exit 1\nfi\n# This output is used by Xcode 'outputs' to avoid re-running this script phase.\necho \"SUCCESS\" > \"${SCRIPT_OUTPUT_FILE_0}\"\n";
			showEnvVarsInLog = 0;
		};
		61D7E6B3D4C2163EC8C922B4 /* [CP] Check Pods Manifest.lock */ = {
			isa = PBXShellScriptBuildPhase;
			buildActionMask = 2147483647;
			files = (
			);
			inputFileListPaths = (
			);
			inputPaths = (
				"${PODS_PODFILE_DIR_PATH}/Podfile.lock",
				"${PODS_ROOT}/Manifest.lock",
			);
			name = "[CP] Check Pods Manifest.lock";
			outputFileListPaths = (
			);
			outputPaths = (
				"$(DERIVED_FILE_DIR)/Pods-Mobillum Movie App-Mobillum Movie AppUITests-checkManifestLockResult.txt",
			);
			runOnlyForDeploymentPostprocessing = 0;
			shellPath = /bin/sh;
			shellScript = "diff \"${PODS_PODFILE_DIR_PATH}/Podfile.lock\" \"${PODS_ROOT}/Manifest.lock\" > /dev/null\nif [ $? != 0 ] ; then\n    # print error to STDERR\n    echo \"error: The sandbox is not in sync with the Podfile.lock. Run 'pod install' or update your CocoaPods installation.\" >&2\n    exit 1\nfi\n# This output is used by Xcode 'outputs' to avoid re-running this script phase.\necho \"SUCCESS\" > \"${SCRIPT_OUTPUT_FILE_0}\"\n";
			showEnvVarsInLog = 0;
		};
		BB24B4585FD70B60BBC598D2 /* [CP] Check Pods Manifest.lock */ = {
			isa = PBXShellScriptBuildPhase;
			buildActionMask = 2147483647;
			files = (
			);
			inputFileListPaths = (
			);
			inputPaths = (
				"${PODS_PODFILE_DIR_PATH}/Podfile.lock",
				"${PODS_ROOT}/Manifest.lock",
			);
			name = "[CP] Check Pods Manifest.lock";
			outputFileListPaths = (
			);
			outputPaths = (
				"$(DERIVED_FILE_DIR)/Pods-Mobillum Movie AppTests-checkManifestLockResult.txt",
			);
			runOnlyForDeploymentPostprocessing = 0;
			shellPath = /bin/sh;
			shellScript = "diff \"${PODS_PODFILE_DIR_PATH}/Podfile.lock\" \"${PODS_ROOT}/Manifest.lock\" > /dev/null\nif [ $? != 0 ] ; then\n    # print error to STDERR\n    echo \"error: The sandbox is not in sync with the Podfile.lock. Run 'pod install' or update your CocoaPods installation.\" >&2\n    exit 1\nfi\n# This output is used by Xcode 'outputs' to avoid re-running this script phase.\necho \"SUCCESS\" > \"${SCRIPT_OUTPUT_FILE_0}\"\n";
			showEnvVarsInLog = 0;
		};
/* End PBXShellScriptBuildPhase section */

/* Begin PBXSourcesBuildPhase section */
		716D88662889B6070018A74E /* Sources */ = {
			isa = PBXSourcesBuildPhase;
			buildActionMask = 2147483647;
			files = (
				716D886E2889B6070018A74E /* AppDelegate.swift in Sources */,
				71627D69288BC84900CF55CB /* Service.swift in Sources */,
				717F2E76288A6AC70068B557 /* Constants.swift in Sources */,
				717F2E9F288A7E8F0068B557 /* UtilitiesHelper.swift in Sources */,
				717F2E94288A7BDC0068B557 /* MovieListViewController.swift in Sources */,
				716D88B72889DC5B0018A74E /* NetworkManager.swift in Sources */,
				717F2E92288A79E60068B557 /* MovieDetailViewController.swift in Sources */,
				716D88C12889E02C0018A74E /* NetworkConstant.swift in Sources */,
				716D88B12889C5DF0018A74E /* MovieDetailModel.swift in Sources */,
				717F2E7B288A6C2E0068B557 /* HeaderView.swift in Sources */,
				716D88C92889E9050018A74E /* NowPlayingMovieModel.swift in Sources */,
				717F2E74288A69D10068B557 /* MovieCell.swift in Sources */,
				717F2E7D288A6C830068B557 /* HeaderCell.swift in Sources */,
				716D88C72889E8F40018A74E /* UpComingMovieModel.swift in Sources */,
			);
			runOnlyForDeploymentPostprocessing = 0;
		};
		716D887C2889B60A0018A74E /* Sources */ = {
			isa = PBXSourcesBuildPhase;
			buildActionMask = 2147483647;
			files = (
				716D88852889B60A0018A74E /* Mobillum_Movie_AppTests.swift in Sources */,
			);
			runOnlyForDeploymentPostprocessing = 0;
		};
		716D88862889B60A0018A74E /* Sources */ = {
			isa = PBXSourcesBuildPhase;
			buildActionMask = 2147483647;
			files = (
				716D88912889B60A0018A74E /* Mobillum_Movie_AppUITestsLaunchTests.swift in Sources */,
				716D888F2889B60A0018A74E /* Mobillum_Movie_AppUITests.swift in Sources */,
			);
			runOnlyForDeploymentPostprocessing = 0;
		};
/* End PBXSourcesBuildPhase section */

/* Begin PBXTargetDependency section */
		716D88822889B60A0018A74E /* PBXTargetDependency */ = {
			isa = PBXTargetDependency;
			target = 716D88692889B6070018A74E /* Mobillum Movie App */;
			targetProxy = 716D88812889B60A0018A74E /* PBXContainerItemProxy */;
		};
		716D888C2889B60A0018A74E /* PBXTargetDependency */ = {
			isa = PBXTargetDependency;
			target = 716D88692889B6070018A74E /* Mobillum Movie App */;
			targetProxy = 716D888B2889B60A0018A74E /* PBXContainerItemProxy */;
		};
/* End PBXTargetDependency section */

/* Begin PBXVariantGroup section */
		716D88732889B6070018A74E /* Main.storyboard */ = {
			isa = PBXVariantGroup;
			children = (
				716D88742889B6070018A74E /* Base */,
			);
			name = Main.storyboard;
			sourceTree = "<group>";
		};
		716D88782889B6090018A74E /* LaunchScreen.storyboard */ = {
			isa = PBXVariantGroup;
			children = (
				716D88792889B6090018A74E /* Base */,
			);
			name = LaunchScreen.storyboard;
			sourceTree = "<group>";
		};
/* End PBXVariantGroup section */

/* Begin XCBuildConfiguration section */
		716D88922889B60A0018A74E /* Debug */ = {
			isa = XCBuildConfiguration;
			buildSettings = {
				ALWAYS_SEARCH_USER_PATHS = NO;
				CLANG_ANALYZER_NONNULL = YES;
				CLANG_ANALYZER_NUMBER_OBJECT_CONVERSION = YES_AGGRESSIVE;
				CLANG_CXX_LANGUAGE_STANDARD = "gnu++17";
				CLANG_ENABLE_MODULES = YES;
				CLANG_ENABLE_OBJC_ARC = YES;
				CLANG_ENABLE_OBJC_WEAK = YES;
				CLANG_WARN_BLOCK_CAPTURE_AUTORELEASING = YES;
				CLANG_WARN_BOOL_CONVERSION = YES;
				CLANG_WARN_COMMA = YES;
				CLANG_WARN_CONSTANT_CONVERSION = YES;
				CLANG_WARN_DEPRECATED_OBJC_IMPLEMENTATIONS = YES;
				CLANG_WARN_DIRECT_OBJC_ISA_USAGE = YES_ERROR;
				CLANG_WARN_DOCUMENTATION_COMMENTS = YES;
				CLANG_WARN_EMPTY_BODY = YES;
				CLANG_WARN_ENUM_CONVERSION = YES;
				CLANG_WARN_INFINITE_RECURSION = YES;
				CLANG_WARN_INT_CONVERSION = YES;
				CLANG_WARN_NON_LITERAL_NULL_CONVERSION = YES;
				CLANG_WARN_OBJC_IMPLICIT_RETAIN_SELF = YES;
				CLANG_WARN_OBJC_LITERAL_CONVERSION = YES;
				CLANG_WARN_OBJC_ROOT_CLASS = YES_ERROR;
				CLANG_WARN_QUOTED_INCLUDE_IN_FRAMEWORK_HEADER = YES;
				CLANG_WARN_RANGE_LOOP_ANALYSIS = YES;
				CLANG_WARN_STRICT_PROTOTYPES = YES;
				CLANG_WARN_SUSPICIOUS_MOVE = YES;
				CLANG_WARN_UNGUARDED_AVAILABILITY = YES_AGGRESSIVE;
				CLANG_WARN_UNREACHABLE_CODE = YES;
				CLANG_WARN__DUPLICATE_METHOD_MATCH = YES;
				COPY_PHASE_STRIP = NO;
				DEBUG_INFORMATION_FORMAT = dwarf;
				ENABLE_STRICT_OBJC_MSGSEND = YES;
				ENABLE_TESTABILITY = YES;
				GCC_C_LANGUAGE_STANDARD = gnu11;
				GCC_DYNAMIC_NO_PIC = NO;
				GCC_NO_COMMON_BLOCKS = YES;
				GCC_OPTIMIZATION_LEVEL = 0;
				GCC_PREPROCESSOR_DEFINITIONS = (
					"DEBUG=1",
					"$(inherited)",
				);
				GCC_WARN_64_TO_32_BIT_CONVERSION = YES;
				GCC_WARN_ABOUT_RETURN_TYPE = YES_ERROR;
				GCC_WARN_UNDECLARED_SELECTOR = YES;
				GCC_WARN_UNINITIALIZED_AUTOS = YES_AGGRESSIVE;
				GCC_WARN_UNUSED_FUNCTION = YES;
				GCC_WARN_UNUSED_VARIABLE = YES;
				IPHONEOS_DEPLOYMENT_TARGET = 15.4;
				MTL_ENABLE_DEBUG_INFO = INCLUDE_SOURCE;
				MTL_FAST_MATH = YES;
				ONLY_ACTIVE_ARCH = YES;
				SDKROOT = iphoneos;
				SWIFT_ACTIVE_COMPILATION_CONDITIONS = DEBUG;
				SWIFT_OPTIMIZATION_LEVEL = "-Onone";
			};
			name = Debug;
		};
		716D88932889B60A0018A74E /* Release */ = {
			isa = XCBuildConfiguration;
			buildSettings = {
				ALWAYS_SEARCH_USER_PATHS = NO;
				CLANG_ANALYZER_NONNULL = YES;
				CLANG_ANALYZER_NUMBER_OBJECT_CONVERSION = YES_AGGRESSIVE;
				CLANG_CXX_LANGUAGE_STANDARD = "gnu++17";
				CLANG_ENABLE_MODULES = YES;
				CLANG_ENABLE_OBJC_ARC = YES;
				CLANG_ENABLE_OBJC_WEAK = YES;
				CLANG_WARN_BLOCK_CAPTURE_AUTORELEASING = YES;
				CLANG_WARN_BOOL_CONVERSION = YES;
				CLANG_WARN_COMMA = YES;
				CLANG_WARN_CONSTANT_CONVERSION = YES;
				CLANG_WARN_DEPRECATED_OBJC_IMPLEMENTATIONS = YES;
				CLANG_WARN_DIRECT_OBJC_ISA_USAGE = YES_ERROR;
				CLANG_WARN_DOCUMENTATION_COMMENTS = YES;
				CLANG_WARN_EMPTY_BODY = YES;
				CLANG_WARN_ENUM_CONVERSION = YES;
				CLANG_WARN_INFINITE_RECURSION = YES;
				CLANG_WARN_INT_CONVERSION = YES;
				CLANG_WARN_NON_LITERAL_NULL_CONVERSION = YES;
				CLANG_WARN_OBJC_IMPLICIT_RETAIN_SELF = YES;
				CLANG_WARN_OBJC_LITERAL_CONVERSION = YES;
				CLANG_WARN_OBJC_ROOT_CLASS = YES_ERROR;
				CLANG_WARN_QUOTED_INCLUDE_IN_FRAMEWORK_HEADER = YES;
				CLANG_WARN_RANGE_LOOP_ANALYSIS = YES;
				CLANG_WARN_STRICT_PROTOTYPES = YES;
				CLANG_WARN_SUSPICIOUS_MOVE = YES;
				CLANG_WARN_UNGUARDED_AVAILABILITY = YES_AGGRESSIVE;
				CLANG_WARN_UNREACHABLE_CODE = YES;
				CLANG_WARN__DUPLICATE_METHOD_MATCH = YES;
				COPY_PHASE_STRIP = NO;
				DEBUG_INFORMATION_FORMAT = "dwarf-with-dsym";
				ENABLE_NS_ASSERTIONS = NO;
				ENABLE_STRICT_OBJC_MSGSEND = YES;
				GCC_C_LANGUAGE_STANDARD = gnu11;
				GCC_NO_COMMON_BLOCKS = YES;
				GCC_WARN_64_TO_32_BIT_CONVERSION = YES;
				GCC_WARN_ABOUT_RETURN_TYPE = YES_ERROR;
				GCC_WARN_UNDECLARED_SELECTOR = YES;
				GCC_WARN_UNINITIALIZED_AUTOS = YES_AGGRESSIVE;
				GCC_WARN_UNUSED_FUNCTION = YES;
				GCC_WARN_UNUSED_VARIABLE = YES;
				IPHONEOS_DEPLOYMENT_TARGET = 15.4;
				MTL_ENABLE_DEBUG_INFO = NO;
				MTL_FAST_MATH = YES;
				SDKROOT = iphoneos;
				SWIFT_COMPILATION_MODE = wholemodule;
				SWIFT_OPTIMIZATION_LEVEL = "-O";
				VALIDATE_PRODUCT = YES;
			};
			name = Release;
		};
		716D88952889B60A0018A74E /* Debug */ = {
			isa = XCBuildConfiguration;
			baseConfigurationReference = 9F00155F41E42C66766C7F5D /* Pods-Mobillum Movie App.debug.xcconfig */;
			buildSettings = {
				ASSETCATALOG_COMPILER_APPICON_NAME = AppIcon;
				ASSETCATALOG_COMPILER_GLOBAL_ACCENT_COLOR_NAME = AccentColor;
				CODE_SIGN_STYLE = Automatic;
				CURRENT_PROJECT_VERSION = 1;
				DEVELOPMENT_TEAM = NYM47C3KHJ;
				GENERATE_INFOPLIST_FILE = YES;
				INFOPLIST_FILE = "Mobillum Movie App/Info.plist";
				INFOPLIST_KEY_UIApplicationSupportsIndirectInputEvents = YES;
				INFOPLIST_KEY_UILaunchStoryboardName = LaunchScreen;
				INFOPLIST_KEY_UIMainStoryboardFile = Main;
				INFOPLIST_KEY_UISupportedInterfaceOrientations_iPad = "UIInterfaceOrientationPortrait UIInterfaceOrientationPortraitUpsideDown UIInterfaceOrientationLandscapeLeft UIInterfaceOrientationLandscapeRight";
				INFOPLIST_KEY_UISupportedInterfaceOrientations_iPhone = "UIInterfaceOrientationPortrait UIInterfaceOrientationLandscapeLeft UIInterfaceOrientationLandscapeRight";
				LD_RUNPATH_SEARCH_PATHS = (
					"$(inherited)",
					"@executable_path/Frameworks",
				);
				MARKETING_VERSION = 1.0;
				PRODUCT_BUNDLE_IDENTIFIER = "com.alihandemir.mobillummoviewapp.Mobillum-Movie-App";
				PRODUCT_NAME = "$(TARGET_NAME)";
				SWIFT_EMIT_LOC_STRINGS = YES;
				SWIFT_VERSION = 5.0;
				TARGETED_DEVICE_FAMILY = "1,2";
			};
			name = Debug;
		};
		716D88962889B60A0018A74E /* Release */ = {
			isa = XCBuildConfiguration;
			baseConfigurationReference = 850F4DCA081588E5B54CCD9D /* Pods-Mobillum Movie App.release.xcconfig */;
			buildSettings = {
				ASSETCATALOG_COMPILER_APPICON_NAME = AppIcon;
				ASSETCATALOG_COMPILER_GLOBAL_ACCENT_COLOR_NAME = AccentColor;
				CODE_SIGN_STYLE = Automatic;
				CURRENT_PROJECT_VERSION = 1;
				DEVELOPMENT_TEAM = NYM47C3KHJ;
				GENERATE_INFOPLIST_FILE = YES;
				INFOPLIST_FILE = "Mobillum Movie App/Info.plist";
				INFOPLIST_KEY_UIApplicationSupportsIndirectInputEvents = YES;
				INFOPLIST_KEY_UILaunchStoryboardName = LaunchScreen;
				INFOPLIST_KEY_UIMainStoryboardFile = Main;
				INFOPLIST_KEY_UISupportedInterfaceOrientations_iPad = "UIInterfaceOrientationPortrait UIInterfaceOrientationPortraitUpsideDown UIInterfaceOrientationLandscapeLeft UIInterfaceOrientationLandscapeRight";
				INFOPLIST_KEY_UISupportedInterfaceOrientations_iPhone = "UIInterfaceOrientationPortrait UIInterfaceOrientationLandscapeLeft UIInterfaceOrientationLandscapeRight";
				LD_RUNPATH_SEARCH_PATHS = (
					"$(inherited)",
					"@executable_path/Frameworks",
				);
				MARKETING_VERSION = 1.0;
				PRODUCT_BUNDLE_IDENTIFIER = "com.alihandemir.mobillummoviewapp.Mobillum-Movie-App";
				PRODUCT_NAME = "$(TARGET_NAME)";
				SWIFT_EMIT_LOC_STRINGS = YES;
				SWIFT_VERSION = 5.0;
				TARGETED_DEVICE_FAMILY = "1,2";
			};
			name = Release;
		};
		716D88982889B60A0018A74E /* Debug */ = {
			isa = XCBuildConfiguration;
			baseConfigurationReference = E39790CD558679F811CC17F0 /* Pods-Mobillum Movie AppTests.debug.xcconfig */;
			buildSettings = {
				ALWAYS_EMBED_SWIFT_STANDARD_LIBRARIES = YES;
				BUNDLE_LOADER = "$(TEST_HOST)";
				CODE_SIGN_STYLE = Automatic;
				CURRENT_PROJECT_VERSION = 1;
				DEVELOPMENT_TEAM = NYM47C3KHJ;
				GENERATE_INFOPLIST_FILE = YES;
				IPHONEOS_DEPLOYMENT_TARGET = 15.4;
				MARKETING_VERSION = 1.0;
				PRODUCT_BUNDLE_IDENTIFIER = "com.alihandemir.mobillummoviewapp.Mobillum-Movie-AppTests";
				PRODUCT_NAME = "$(TARGET_NAME)";
				SWIFT_EMIT_LOC_STRINGS = NO;
				SWIFT_VERSION = 5.0;
				TARGETED_DEVICE_FAMILY = "1,2";
				TEST_HOST = "$(BUILT_PRODUCTS_DIR)/Mobillum Movie App.app/Mobillum Movie App";
			};
			name = Debug;
		};
		716D88992889B60A0018A74E /* Release */ = {
			isa = XCBuildConfiguration;
			baseConfigurationReference = E89586EACD0D1A44EACA8BDC /* Pods-Mobillum Movie AppTests.release.xcconfig */;
			buildSettings = {
				ALWAYS_EMBED_SWIFT_STANDARD_LIBRARIES = YES;
				BUNDLE_LOADER = "$(TEST_HOST)";
				CODE_SIGN_STYLE = Automatic;
				CURRENT_PROJECT_VERSION = 1;
				DEVELOPMENT_TEAM = NYM47C3KHJ;
				GENERATE_INFOPLIST_FILE = YES;
				IPHONEOS_DEPLOYMENT_TARGET = 15.4;
				MARKETING_VERSION = 1.0;
				PRODUCT_BUNDLE_IDENTIFIER = "com.alihandemir.mobillummoviewapp.Mobillum-Movie-AppTests";
				PRODUCT_NAME = "$(TARGET_NAME)";
				SWIFT_EMIT_LOC_STRINGS = NO;
				SWIFT_VERSION = 5.0;
				TARGETED_DEVICE_FAMILY = "1,2";
				TEST_HOST = "$(BUILT_PRODUCTS_DIR)/Mobillum Movie App.app/Mobillum Movie App";
			};
			name = Release;
		};
		716D889B2889B60A0018A74E /* Debug */ = {
			isa = XCBuildConfiguration;
			baseConfigurationReference = FE4E5834F45AF060D40C518F /* Pods-Mobillum Movie App-Mobillum Movie AppUITests.debug.xcconfig */;
			buildSettings = {
				ALWAYS_EMBED_SWIFT_STANDARD_LIBRARIES = YES;
				CODE_SIGN_STYLE = Automatic;
				CURRENT_PROJECT_VERSION = 1;
				DEVELOPMENT_TEAM = NYM47C3KHJ;
				GENERATE_INFOPLIST_FILE = YES;
				MARKETING_VERSION = 1.0;
				PRODUCT_BUNDLE_IDENTIFIER = "com.alihandemir.mobillummoviewapp.Mobillum-Movie-AppUITests";
				PRODUCT_NAME = "$(TARGET_NAME)";
				SWIFT_EMIT_LOC_STRINGS = NO;
				SWIFT_VERSION = 5.0;
				TARGETED_DEVICE_FAMILY = "1,2";
				TEST_TARGET_NAME = "Mobillum Movie App";
			};
			name = Debug;
		};
		716D889C2889B60A0018A74E /* Release */ = {
			isa = XCBuildConfiguration;
			baseConfigurationReference = 0C9E4FF528D31A9F16F55550 /* Pods-Mobillum Movie App-Mobillum Movie AppUITests.release.xcconfig */;
			buildSettings = {
				ALWAYS_EMBED_SWIFT_STANDARD_LIBRARIES = YES;
				CODE_SIGN_STYLE = Automatic;
				CURRENT_PROJECT_VERSION = 1;
				DEVELOPMENT_TEAM = NYM47C3KHJ;
				GENERATE_INFOPLIST_FILE = YES;
				MARKETING_VERSION = 1.0;
				PRODUCT_BUNDLE_IDENTIFIER = "com.alihandemir.mobillummoviewapp.Mobillum-Movie-AppUITests";
				PRODUCT_NAME = "$(TARGET_NAME)";
				SWIFT_EMIT_LOC_STRINGS = NO;
				SWIFT_VERSION = 5.0;
				TARGETED_DEVICE_FAMILY = "1,2";
				TEST_TARGET_NAME = "Mobillum Movie App";
			};
			name = Release;
		};
/* End XCBuildConfiguration section */

/* Begin XCConfigurationList section */
		716D88652889B6070018A74E /* Build configuration list for PBXProject "Mobillum Movie App" */ = {
			isa = XCConfigurationList;
			buildConfigurations = (
				716D88922889B60A0018A74E /* Debug */,
				716D88932889B60A0018A74E /* Release */,
			);
			defaultConfigurationIsVisible = 0;
			defaultConfigurationName = Release;
		};
		716D88942889B60A0018A74E /* Build configuration list for PBXNativeTarget "Mobillum Movie App" */ = {
			isa = XCConfigurationList;
			buildConfigurations = (
				716D88952889B60A0018A74E /* Debug */,
				716D88962889B60A0018A74E /* Release */,
			);
			defaultConfigurationIsVisible = 0;
			defaultConfigurationName = Release;
		};
		716D88972889B60A0018A74E /* Build configuration list for PBXNativeTarget "Mobillum Movie AppTests" */ = {
			isa = XCConfigurationList;
			buildConfigurations = (
				716D88982889B60A0018A74E /* Debug */,
				716D88992889B60A0018A74E /* Release */,
			);
			defaultConfigurationIsVisible = 0;
			defaultConfigurationName = Release;
		};
		716D889A2889B60A0018A74E /* Build configuration list for PBXNativeTarget "Mobillum Movie AppUITests" */ = {
			isa = XCConfigurationList;
			buildConfigurations = (
				716D889B2889B60A0018A74E /* Debug */,
				716D889C2889B60A0018A74E /* Release */,
			);
			defaultConfigurationIsVisible = 0;
			defaultConfigurationName = Release;
		};
/* End XCConfigurationList section */
	};
	rootObject = 716D88622889B6070018A74E /* Project object */;
}
